
Microsoft Visual Studio Solution File, Format Version 12.00
# Visual Studio Version 17
VisualStudioVersion = 17.12.35707.178 d17.12
MinimumVisualStudioVersion = 10.0.40219.1
Project("{FAE04EC0-301F-11D3-BF4B-00C04F79EFBC}") = "trained_from_home.Server", "trained_from_home.Server\trained_from_home.Server.csproj", "{7736FB27-399E-4BAE-9465-9A55A9B25DD6}"
EndProject
Project("{54A90642-561A-4BB1-A94E-469ADEE60C69}") = "trained_from_home.client", "trained_from_home.client\trained_from_home.client.esproj", "{B4134841-E121-4404-A79D-E59DA74DC52F}"
EndProject
Global
	GlobalSection(SolutionConfigurationPlatforms) = preSolution
		Debug|Any CPU = Debug|Any CPU
		Release|Any CPU = Release|Any CPU
	EndGlobalSection
	GlobalSection(ProjectConfigurationPlatforms) = postSolution
		{7736FB27-399E-4BAE-9465-9A55A9B25DD6}.Debug|Any CPU.ActiveCfg = Debug|Any CPU
		{7736FB27-399E-4BAE-9465-9A55A9B25DD6}.Debug|Any CPU.Build.0 = Debug|Any CPU
		{7736FB27-399E-4BAE-9465-9A55A9B25DD6}.Release|Any CPU.ActiveCfg = Release|Any CPU
		{7736FB27-399E-4BAE-9465-9A55A9B25DD6}.Release|Any CPU.Build.0 = Release|Any CPU
		{B4134841-E121-4404-A79D-E59DA74DC52F}.Debug|Any CPU.ActiveCfg = Debug|Any CPU
		{B4134841-E121-4404-A79D-E59DA74DC52F}.Debug|Any CPU.Build.0 = Debug|Any CPU
		{B4134841-E121-4404-A79D-E59DA74DC52F}.Debug|Any CPU.Deploy.0 = Debug|Any CPU
		{B4134841-E121-4404-A79D-E59DA74DC52F}.Release|Any CPU.ActiveCfg = Release|Any CPU
		{B4134841-E121-4404-A79D-E59DA74DC52F}.Release|Any CPU.Build.0 = Release|Any CPU
		{B4134841-E121-4404-A79D-E59DA74DC52F}.Release|Any CPU.Deploy.0 = Release|Any CPU
	EndGlobalSection
	GlobalSection(SolutionProperties) = preSolution
		HideSolutionNode = FALSE
	EndGlobalSection
EndGlobal
